
Microsoft Visual Studio Solution File, Format Version 12.00
# Visual Studio Version 17
VisualStudioVersion = 17.3.32929.385
MinimumVisualStudioVersion = 10.0.40219.1
Project("{FAE04EC0-301F-11D3-BF4B-00C04F79EFBC}") = "Server", "DoThanhNhan_MessageChat\Server.csproj", "{F79EBCA3-F032-430B-A7C1-50E8AD0B34D7}"
EndProject
Project("{FAE04EC0-301F-11D3-BF4B-00C04F79EFBC}") = "Client", "Client\Client.csproj", "{58B72DBF-F1E2-4143-A575-96EEC851719C}"
EndProject
Global
	GlobalSection(SolutionConfigurationPlatforms) = preSolution
		Debug|Any CPU = Debug|Any CPU
		Release|Any CPU = Release|Any CPU
	EndGlobalSection
	GlobalSection(ProjectConfigurationPlatforms) = postSolution
		{F79EBCA3-F032-430B-A7C1-50E8AD0B34D7}.Debug|Any CPU.ActiveCfg = Debug|Any CPU
		{F79EBCA3-F032-430B-A7C1-50E8AD0B34D7}.Debug|Any CPU.Build.0 = Debug|Any CPU
		{F79EBCA3-F032-430B-A7C1-50E8AD0B34D7}.Release|Any CPU.ActiveCfg = Release|Any CPU
		{F79EBCA3-F032-430B-A7C1-50E8AD0B34D7}.Release|Any CPU.Build.0 = Release|Any CPU
		{58B72DBF-F1E2-4143-A575-96EEC851719C}.Debug|Any CPU.ActiveCfg = Debug|Any CPU
		{58B72DBF-F1E2-4143-A575-96EEC851719C}.Debug|Any CPU.Build.0 = Debug|Any CPU
		{58B72DBF-F1E2-4143-A575-96EEC851719C}.Release|Any CPU.ActiveCfg = Release|Any CPU
		{58B72DBF-F1E2-4143-A575-96EEC851719C}.Release|Any CPU.Build.0 = Release|Any CPU
	EndGlobalSection
	GlobalSection(SolutionProperties) = preSolution
		HideSolutionNode = FALSE
	EndGlobalSection
	GlobalSection(ExtensibilityGlobals) = postSolution
		SolutionGuid = {3B061B5D-BFD8-4447-AB1E-DE129B2AD43B}
	EndGlobalSection
EndGlobal
